github.com/VividCortex/ewma v1.1.1/go.mod h1:2Tkkvm3sRDVXaiyucHiACn4cqf7DpdyLvmxzcbUokwA=
github.com/VividCortex/ewma v1.2.0 h1:f58SaIzcDXrSy3kWaHNvuJgJ3Nmz59Zji6XoJR/q1ow=
github.com/VividCortex/ewma v1.2.0/go.mod h1:nz4BbCtbLyFDeC9SUHbtcT5644juEuWfUAUnGx7j5l4=
github.com/acarl005/stripansi v0.0.0-20180116102854-5a71ef0e047d h1:licZJFw2RwpHMqeKTCYkitsPqHNxTmd4SNR5r94FGM8=
github.com/acarl005/stripansi v0.0.0-20180116102854-5a71ef0e047d/go.mod h1:asat636LX7Bqt5lYEZ27JNDcqxfjdBQuJ/MM4CN/Lzo=
github.com/clipperhouse/uax29/v2 v2.7.0 h1:+gs4oBZ2gPfVrKPthwbMzWZDaAFPGYK72F0NJv2v7Vk=
github.com/clipperhouse/uax29/v2 v2.7.0/go.mod h1:EFJ2TJMRUaplDxHKj1qAEhCtQPW2tJSwu5BF98AuoVM=
github.com/dustin/go-humanize v1.0.1 h1:GzkhY7T5VNhEkwH0PVJgjz+fX1rhBrR7pRT3mDkpeCY=
github.com/dustin/go-humanize v1.0.1/go.mod h1:Mu1zIs6XwVuF/gI1OepvI0qD18qycQx+mFykh5fBlto=
github.com/google/go-cmp v0.7.0 h1:wk8382ETsv4JYUZwIsn6YpYiWiBsYLSJiTsyBybVuN8=
github.com/google/go-cmp v0.7.0/go.mod h1:pXiqmnSA92OHEEa9HXL2W4E7lf9JzCmGVUdgjX3N/iU=
github.com/mattn/go-runewidth v0.0.9/go.mod h1:H031xJmbD/WCDINGzjvQ9THkh0rPKHF+m2gUSrubnMI=
github.com/mattn/go-runewidth v0.0.23 h1:7ykA0T0jkPpzSvMS5i9uoNn2Xy3R383f9HDx3RybWcw=
github.com/mattn/go-runewidth v0.0.23/go.mod h1:XBkDxAl56ILZc9knddidhrOlY5R/pDhgLpndooCuJAs=
github.com/spencercw/go-xz v0.0.0-20181128201811-c82a2123b492 h1:8J9q7E8tGpVB84cBsMr+X160ECRqwYhkZ6KeaY9kN1I=
github.com/spencercw/go-xz v0.0.0-20181128201811-c82a2123b492/go.mod h1:EvRrgz1GcjNV5yfN+ISxA4sxn255MimeGQ/ROJnQPtQ=
github.com/valyala/gozstd v1.24.0 h1:M/9L3h7bVwbj2gZwrmuoaxzwVrmBUvos2jG9cZtuhlc=
github.com/valyala/gozstd v1.24.0/go.mod h1:y5Ew47GLlP37EkTB+B4s7r6A5rdaeB7ftbl9zoYiIPQ=
github.com/vbauerster/mpb/v5 v5.4.0 h1:n8JPunifvQvh6P1D1HAl2Ur9YcmKT1tpoUuiea5mlmg=
github.com/vbauerster/mpb/v5 v5.4.0/go.mod h1:fi4wVo7BVQ22QcvFObm+VwliQXlV1eBT8JDaKXR4JGI=
golang.org/x/sys v0.0.0-20201218084310-7d0127a74742/go.mod h1:h1NjWce9XRLGQEsW7wpKNCjG9DtNlClVuFLEZdDNbEs=
golang.org/x/sys v0.43.0 h1:Rlag2XtaFTxp19wS8MXlJwTvoh8ArU6ezoyFsMyCTNI=
golang.org/x/sys v0.43.0/go.mod h1:4GL1E5IUh+htKOUEOaiffhrAeqysfVGipDYzABqnCmw=
google.golang.org/protobuf v1.36.11 h1:fV6ZwhNocDyBLK0dj+fg8ektcVegBBuEolpbTQyBNVE=
google.golang.org/protobuf v1.36.11/go.mod h1:HTf+CrKn2C3g5S8VImy6tdcUvCska2kB7j23XfzDpco=
